
Microsoft Visual Studio Solution File, Format Version 12.00
# Visual Studio Version 16
VisualStudioVersion = 16.0.29728.190
MinimumVisualStudioVersion = 10.0.40219.1
Project("{9A19103F-16F7-4668-BE54-9A1E7A4F7556}") = "SimpleApi", "SimpleApi\SimpleApi.csproj", "{38E84845-E5F2-4253-94F6-91AF55845936}"
EndProject
Project("{9A19103F-16F7-4668-BE54-9A1E7A4F7556}") = "SimpleConsole", "SimpleConsole\SimpleConsole.csproj", "{EE8A1411-29C4-47AE-BCB8-966A2CB40AD4}"
EndProject
Project("{FAE04EC0-301F-11D3-BF4B-00C04F79EFBC}") = "ApplicationInsightsFullDemoApi", "ApplicationInsightsFullDemoApi\ApplicationInsightsFullDemoApi.csproj", "{B53C19E1-8EE6-4F39-A366-CD04C23B9F44}"
EndProject
Global
	GlobalSection(SolutionConfigurationPlatforms) = preSolution
		Debug|Any CPU = Debug|Any CPU
		Release|Any CPU = Release|Any CPU
	EndGlobalSection
	GlobalSection(ProjectConfigurationPlatforms) = postSolution
		{38E84845-E5F2-4253-94F6-91AF55845936}.Debug|Any CPU.ActiveCfg = Debug|Any CPU
		{38E84845-E5F2-4253-94F6-91AF55845936}.Debug|Any CPU.Build.0 = Debug|Any CPU
		{38E84845-E5F2-4253-94F6-91AF55845936}.Release|Any CPU.ActiveCfg = Release|Any CPU
		{38E84845-E5F2-4253-94F6-91AF55845936}.Release|Any CPU.Build.0 = Release|Any CPU
		{EE8A1411-29C4-47AE-BCB8-966A2CB40AD4}.Debug|Any CPU.ActiveCfg = Debug|Any CPU
		{EE8A1411-29C4-47AE-BCB8-966A2CB40AD4}.Debug|Any CPU.Build.0 = Debug|Any CPU
		{EE8A1411-29C4-47AE-BCB8-966A2CB40AD4}.Release|Any CPU.ActiveCfg = Release|Any CPU
		{EE8A1411-29C4-47AE-BCB8-966A2CB40AD4}.Release|Any CPU.Build.0 = Release|Any CPU
		{B53C19E1-8EE6-4F39-A366-CD04C23B9F44}.Debug|Any CPU.ActiveCfg = Debug|Any CPU
		{B53C19E1-8EE6-4F39-A366-CD04C23B9F44}.Debug|Any CPU.Build.0 = Debug|Any CPU
		{B53C19E1-8EE6-4F39-A366-CD04C23B9F44}.Release|Any CPU.ActiveCfg = Release|Any CPU
		{B53C19E1-8EE6-4F39-A366-CD04C23B9F44}.Release|Any CPU.Build.0 = Release|Any CPU
	EndGlobalSection
	GlobalSection(SolutionProperties) = preSolution
		HideSolutionNode = FALSE
	EndGlobalSection
	GlobalSection(ExtensibilityGlobals) = postSolution
		SolutionGuid = {9985AF33-646F-487C-A64C-A175D6EACB91}
	EndGlobalSection
EndGlobal
